// !$*UTF8*$!
{
	archiveVersion = 1;
	classes = {
	};
	objectVersion = 56;
	objects = {

/* Begin PBXBuildFile section */
		06C624EFD8B49E6D314E7E9C /* Pods_VBotSDKExample_VBotSDKExampleUITests.framework in Frameworks */ = {isa = PBXBuildFile; fileRef = 7D36B45CE3D73038B779D71C /* Pods_VBotSDKExample_VBotSDKExampleUITests.framework */; };
		4DB2866AD3CF6153C004E808 /* Pods_VBotSDKExample.framework in Frameworks */ = {isa = PBXBuildFile; fileRef = 1ACAC8CD3762B8B5ECBAEA26 /* Pods_VBotSDKExample.framework */; };
		6F2A1AC583419B6648BABA91 /* Pods_VBotSDKExampleTests.framework in Frameworks */ = {isa = PBXBuildFile; fileRef = 78714A71D3EE61F1FBB6C63E /* Pods_VBotSDKExampleTests.framework */; };
		DF3C7BFC2D0BDC2800559BC4 /* AppDelegate.swift in Sources */ = {isa = PBXBuildFile; fileRef = DF3C7BFB2D0BDC2800559BC4 /* AppDelegate.swift */; };
		DF3C7C002D0BDC2800559BC4 /* ViewController.swift in Sources */ = {isa = PBXBuildFile; fileRef = DF3C7BFF2D0BDC2800559BC4 /* ViewController.swift */; };
		DF3C7C032D0BDC2800559BC4 /* Main.storyboard in Resources */ = {isa = PBXBuildFile; fileRef = DF3C7C012D0BDC2800559BC4 /* Main.storyboard */; };
		DF3C7C052D0BDC2900559BC4 /* Assets.xcassets in Resources */ = {isa = PBXBuildFile; fileRef = DF3C7C042D0BDC2900559BC4 /* Assets.xcassets */; };
		DF3C7C132D0BDC2A00559BC4 /* VBotSDKExampleTests.swift in Sources */ = {isa = PBXBuildFile; fileRef = DF3C7C122D0BDC2A00559BC4 /* VBotSDKExampleTests.swift */; };
		DF3C7C1D2D0BDC2A00559BC4 /* VBotSDKExampleUITests.swift in Sources */ = {isa = PBXBuildFile; fileRef = DF3C7C1C2D0BDC2A00559BC4 /* VBotSDKExampleUITests.swift */; };
		DF3C7C1F2D0BDC2A00559BC4 /* VBotSDKExampleUITestsLaunchTests.swift in Sources */ = {isa = PBXBuildFile; fileRef = DF3C7C1E2D0BDC2A00559BC4 /* VBotSDKExampleUITestsLaunchTests.swift */; };
		DF7709112D5073650089F910 /* Helpers.swift in Sources */ = {isa = PBXBuildFile; fileRef = DF77090D2D5073650089F910 /* Helpers.swift */; };
		DF7709122D5073650089F910 /* TestData.swift in Sources */ = {isa = PBXBuildFile; fileRef = DF77090E2D5073650089F910 /* TestData.swift */; };
		DF7709132D5073650089F910 /* SelectMemberViewController.swift in Sources */ = {isa = PBXBuildFile; fileRef = DF77090F2D5073650089F910 /* SelectMemberViewController.swift */; };
		DF7709162D5073B40089F910 /* LaunchScreen.xib in Resources */ = {isa = PBXBuildFile; fileRef = DF7709142D5073B40089F910 /* LaunchScreen.xib */; };
/* End PBXBuildFile section */

/* Begin PBXContainerItemProxy section */
		DF3C7C0F2D0BDC2A00559BC4 /* PBXContainerItemProxy */ = {
			isa = PBXContainerItemProxy;
			containerPortal = DF3C7BF02D0BDC2800559BC4 /* Project object */;
			proxyType = 1;
			remoteGlobalIDString = DF3C7BF72D0BDC2800559BC4;
			remoteInfo = VBotSDKExample;
		};
		DF3C7C192D0BDC2A00559BC4 /* PBXContainerItemProxy */ = {
			isa = PBXContainerItemProxy;
			containerPortal = DF3C7BF02D0BDC2800559BC4 /* Project object */;
			proxyType = 1;
			remoteGlobalIDString = DF3C7BF72D0BDC2800559BC4;
			remoteInfo = VBotSDKExample;
		};
/* End PBXContainerItemProxy section */

/* Begin PBXFileReference section */
		1ACAC8CD3762B8B5ECBAEA26 /* Pods_VBotSDKExample.framework */ = {isa = PBXFileReference; explicitFileType = wrapper.framework; includeInIndex = 0; path = Pods_VBotSDKExample.framework; sourceTree = BUILT_PRODUCTS_DIR; };
		20D7E3F084AE6D03BA57692F /* Pods-VBotSDKExampleTests.debug.xcconfig */ = {isa = PBXFileReference; includeInIndex = 1; lastKnownFileType = text.xcconfig; name = "Pods-VBotSDKExampleTests.debug.xcconfig"; path = "Target Support Files/Pods-VBotSDKExampleTests/Pods-VBotSDKExampleTests.debug.xcconfig"; sourceTree = "<group>"; };
		62B9EFA163CB1D67A0936B73 /* Pods-VBotSDKExample.debug.xcconfig */ = {isa = PBXFileReference; includeInIndex = 1; lastKnownFileType = text.xcconfig; name = "Pods-VBotSDKExample.debug.xcconfig"; path = "Target Support Files/Pods-VBotSDKExample/Pods-VBotSDKExample.debug.xcconfig"; sourceTree = "<group>"; };
		78714A71D3EE61F1FBB6C63E /* Pods_VBotSDKExampleTests.framework */ = {isa = PBXFileReference; explicitFileType = wrapper.framework; includeInIndex = 0; path = Pods_VBotSDKExampleTests.framework; sourceTree = BUILT_PRODUCTS_DIR; };
		7D36B45CE3D73038B779D71C /* Pods_VBotSDKExample_VBotSDKExampleUITests.framework */ = {isa = PBXFileReference; explicitFileType = wrapper.framework; includeInIndex = 0; path = Pods_VBotSDKExample_VBotSDKExampleUITests.framework; sourceTree = BUILT_PRODUCTS_DIR; };
		C942A34449B6D32163E77CBF /* Pods-VBotSDKExample-VBotSDKExampleUITests.release.xcconfig */ = {isa = PBXFileReference; includeInIndex = 1; lastKnownFileType = text.xcconfig; name = "Pods-VBotSDKExample-VBotSDKExampleUITests.release.xcconfig"; path = "Target Support Files/Pods-VBotSDKExample-VBotSDKExampleUITests/Pods-VBotSDKExample-VBotSDKExampleUITests.release.xcconfig"; sourceTree = "<group>"; };
		DF1112162D0BEA8F005598FC /* VBotSDKExample.entitlements */ = {isa = PBXFileReference; lastKnownFileType = text.plist.entitlements; path = VBotSDKExample.entitlements; sourceTree = "<group>"; };
		DF36AE472D2E395F00C4755C /* CocoaLumberjack.xcframework */ = {isa = PBXFileReference; lastKnownFileType = wrapper.xcframework; name = CocoaLumberjack.xcframework; path = "../../../../1qdatt_XCodePrj/new-vbot-sdk-2025/final-xcframework/VBotPhoneSDKcopy/iOS/CocoaLumberjack.xcframework"; sourceTree = "<group>"; };
		DF36AE482D2E395F00C4755C /* Reachability.xcframework */ = {isa = PBXFileReference; lastKnownFileType = wrapper.xcframework; name = Reachability.xcframework; path = "../../../../1qdatt_XCodePrj/new-vbot-sdk-2025/final-xcframework/VBotPhoneSDKcopy/iOS/Reachability.xcframework"; sourceTree = "<group>"; };
		DF36AE492D2E395F00C4755C /* SDWebImage.xcframework */ = {isa = PBXFileReference; lastKnownFileType = wrapper.xcframework; name = SDWebImage.xcframework; path = "../../../../1qdatt_XCodePrj/new-vbot-sdk-2025/final-xcframework/VBotPhoneSDKcopy/iOS/SDWebImage.xcframework"; sourceTree = "<group>"; };
		DF36AE4A2D2E395F00C4755C /* VBotPhoneSDK.xcframework */ = {isa = PBXFileReference; lastKnownFileType = wrapper.xcframework; name = VBotPhoneSDK.xcframework; path = "../../../../1qdatt_XCodePrj/new-vbot-sdk-2025/final-xcframework/VBotPhoneSDKcopy/iOS/VBotPhoneSDK.xcframework"; sourceTree = "<group>"; };
		DF36AE4B2D2E395F00C4755C /* VBotPJSIP.xcframework */ = {isa = PBXFileReference; lastKnownFileType = wrapper.xcframework; name = VBotPJSIP.xcframework; path = "../../../../1qdatt_XCodePrj/new-vbot-sdk-2025/final-xcframework/VBotPhoneSDKcopy/iOS/VBotPJSIP.xcframework"; sourceTree = "<group>"; };
		DF36AE4C2D2E395F00C4755C /* VBotSIP.xcframework */ = {isa = PBXFileReference; lastKnownFileType = wrapper.xcframework; name = VBotSIP.xcframework; path = "../../../../1qdatt_XCodePrj/new-vbot-sdk-2025/final-xcframework/VBotPhoneSDKcopy/iOS/VBotSIP.xcframework"; sourceTree = "<group>"; };
		DF3C7BF82D0BDC2800559BC4 /* VBotSDKExample.app */ = {isa = PBXFileReference; explicitFileType = wrapper.application; includeInIndex = 0; path = VBotSDKExample.app; sourceTree = BUILT_PRODUCTS_DIR; };
		DF3C7BFB2D0BDC2800559BC4 /* AppDelegate.swift */ = {isa = PBXFileReference; lastKnownFileType = sourcecode.swift; path = AppDelegate.swift; sourceTree = "<group>"; };
		DF3C7BFF2D0BDC2800559BC4 /* ViewController.swift */ = {isa = PBXFileReference; lastKnownFileType = sourcecode.swift; path = ViewController.swift; sourceTree = "<group>"; };
		DF3C7C022D0BDC2800559BC4 /* Base */ = {isa = PBXFileReference; lastKnownFileType = file.storyboard; name = Base; path = Base.lproj/Main.storyboard; sourceTree = "<group>"; };
		DF3C7C042D0BDC2900559BC4 /* Assets.xcassets */ = {isa = PBXFileReference; lastKnownFileType = folder.assetcatalog; path = Assets.xcassets; sourceTree = "<group>"; };
		DF3C7C092D0BDC2900559BC4 /* Info.plist */ = {isa = PBXFileReference; lastKnownFileType = text.plist.xml; path = Info.plist; sourceTree = "<group>"; };
		DF3C7C0E2D0BDC2A00559BC4 /* VBotSDKExampleTests.xctest */ = {isa = PBXFileReference; explicitFileType = wrapper.cfbundle; includeInIndex = 0; path = VBotSDKExampleTests.xctest; sourceTree = BUILT_PRODUCTS_DIR; };
		DF3C7C122D0BDC2A00559BC4 /* VBotSDKExampleTests.swift */ = {isa = PBXFileReference; lastKnownFileType = sourcecode.swift; path = VBotSDKExampleTests.swift; sourceTree = "<group>"; };
		DF3C7C182D0BDC2A00559BC4 /* VBotSDKExampleUITests.xctest */ = {isa = PBXFileReference; explicitFileType = wrapper.cfbundle; includeInIndex = 0; path = VBotSDKExampleUITests.xctest; sourceTree = BUILT_PRODUCTS_DIR; };
		DF3C7C1C2D0BDC2A00559BC4 /* VBotSDKExampleUITests.swift */ = {isa = PBXFileReference; lastKnownFileType = sourcecode.swift; path = VBotSDKExampleUITests.swift; sourceTree = "<group>"; };
		DF3C7C1E2D0BDC2A00559BC4 /* VBotSDKExampleUITestsLaunchTests.swift */ = {isa = PBXFileReference; lastKnownFileType = sourcecode.swift; path = VBotSDKExampleUITestsLaunchTests.swift; sourceTree = "<group>"; };
		DF77090D2D5073650089F910 /* Helpers.swift */ = {isa = PBXFileReference; fileEncoding = 4; lastKnownFileType = sourcecode.swift; path = Helpers.swift; sourceTree = "<group>"; };
		DF77090E2D5073650089F910 /* TestData.swift */ = {isa = PBXFileReference; fileEncoding = 4; lastKnownFileType = sourcecode.swift; path = TestData.swift; sourceTree = "<group>"; };
		DF77090F2D5073650089F910 /* SelectMemberViewController.swift */ = {isa = PBXFileReference; fileEncoding = 4; lastKnownFileType = sourcecode.swift; path = SelectMemberViewController.swift; sourceTree = "<group>"; };
		DF7709152D5073B40089F910 /* Base */ = {isa = PBXFileReference; lastKnownFileType = file.xib; name = Base; path = Base.lproj/LaunchScreen.xib; sourceTree = "<group>"; };
		E4C7482B47B9D4519D81A72D /* Pods-VBotSDKExample.release.xcconfig */ = {isa = PBXFileReference; includeInIndex = 1; lastKnownFileType = text.xcconfig; name = "Pods-VBotSDKExample.release.xcconfig"; path = "Target Support Files/Pods-VBotSDKExample/Pods-VBotSDKExample.release.xcconfig"; sourceTree = "<group>"; };
		E8B9E41586A1BFC1ED0B346D /* Pods-VBotSDKExample-VBotSDKExampleUITests.debug.xcconfig */ = {isa = PBXFileReference; includeInIndex = 1; lastKnownFileType = text.xcconfig; name = "Pods-VBotSDKExample-VBotSDKExampleUITests.debug.xcconfig"; path = "Target Support Files/Pods-VBotSDKExample-VBotSDKExampleUITests/Pods-VBotSDKExample-VBotSDKExampleUITests.debug.xcconfig"; sourceTree = "<group>"; };
		F4C5ADE69B97F6D670795F11 /* Pods-VBotSDKExampleTests.release.xcconfig */ = {isa = PBXFileReference; includeInIndex = 1; lastKnownFileType = text.xcconfig; name = "Pods-VBotSDKExampleTests.release.xcconfig"; path = "Target Support Files/Pods-VBotSDKExampleTests/Pods-VBotSDKExampleTests.release.xcconfig"; sourceTree = "<group>"; };
/* End PBXFileReference section */

/* Begin PBXFrameworksBuildPhase section */
		DF3C7BF52D0BDC2800559BC4 /* Frameworks */ = {
			isa = PBXFrameworksBuildPhase;
			buildActionMask = 2147483647;
			files = (
				4DB2866AD3CF6153C004E808 /* Pods_VBotSDKExample.framework in Frameworks */,
			);
			runOnlyForDeploymentPostprocessing = 0;
		};
		DF3C7C0B2D0BDC2A00559BC4 /* Frameworks */ = {
			isa = PBXFrameworksBuildPhase;
			buildActionMask = 2147483647;
			files = (
				6F2A1AC583419B6648BABA91 /* Pods_VBotSDKExampleTests.framework in Frameworks */,
			);
			runOnlyForDeploymentPostprocessing = 0;
		};
		DF3C7C152D0BDC2A00559BC4 /* Frameworks */ = {
			isa = PBXFrameworksBuildPhase;
			buildActionMask = 2147483647;
			files = (
				06C624EFD8B49E6D314E7E9C /* Pods_VBotSDKExample_VBotSDKExampleUITests.framework in Frameworks */,
			);
			runOnlyForDeploymentPostprocessing = 0;
		};
/* End PBXFrameworksBuildPhase section */

/* Begin PBXGroup section */
		438DFA6A1CEEDE085AFC1BA6 /* Pods */ = {
			isa = PBXGroup;
			children = (
				62B9EFA163CB1D67A0936B73 /* Pods-VBotSDKExample.debug.xcconfig */,
				E4C7482B47B9D4519D81A72D /* Pods-VBotSDKExample.release.xcconfig */,
				E8B9E41586A1BFC1ED0B346D /* Pods-VBotSDKExample-VBotSDKExampleUITests.debug.xcconfig */,
				C942A34449B6D32163E77CBF /* Pods-VBotSDKExample-VBotSDKExampleUITests.release.xcconfig */,
				20D7E3F084AE6D03BA57692F /* Pods-VBotSDKExampleTests.debug.xcconfig */,
				F4C5ADE69B97F6D670795F11 /* Pods-VBotSDKExampleTests.release.xcconfig */,
			);
			path = Pods;
			sourceTree = "<group>";
		};
		48423E2E122311A90CD548C8 /* Frameworks */ = {
			isa = PBXGroup;
			children = (
				DF36AE472D2E395F00C4755C /* CocoaLumberjack.xcframework */,
				DF36AE482D2E395F00C4755C /* Reachability.xcframework */,
				DF36AE492D2E395F00C4755C /* SDWebImage.xcframework */,
				DF36AE4A2D2E395F00C4755C /* VBotPhoneSDK.xcframework */,
				DF36AE4B2D2E395F00C4755C /* VBotPJSIP.xcframework */,
				DF36AE4C2D2E395F00C4755C /* VBotSIP.xcframework */,
				1ACAC8CD3762B8B5ECBAEA26 /* Pods_VBotSDKExample.framework */,
				7D36B45CE3D73038B779D71C /* Pods_VBotSDKExample_VBotSDKExampleUITests.framework */,
				78714A71D3EE61F1FBB6C63E /* Pods_VBotSDKExampleTests.framework */,
			);
			name = Frameworks;
			sourceTree = "<group>";
		};
		DF3C7BEF2D0BDC2800559BC4 = {
			isa = PBXGroup;
			children = (
				DF3C7BFA2D0BDC2800559BC4 /* VBotSDKExample */,
				DF3C7C112D0BDC2A00559BC4 /* VBotSDKExampleTests */,
				DF3C7C1B2D0BDC2A00559BC4 /* VBotSDKExampleUITests */,
				DF3C7BF92D0BDC2800559BC4 /* Products */,
				438DFA6A1CEEDE085AFC1BA6 /* Pods */,
				48423E2E122311A90CD548C8 /* Frameworks */,
			);
			sourceTree = "<group>";
		};
		DF3C7BF92D0BDC2800559BC4 /* Products */ = {
			isa = PBXGroup;
			children = (
				DF3C7BF82D0BDC2800559BC4 /* VBotSDKExample.app */,
				DF3C7C0E2D0BDC2A00559BC4 /* VBotSDKExampleTests.xctest */,
				DF3C7C182D0BDC2A00559BC4 /* VBotSDKExampleUITests.xctest */,
			);
			name = Products;
			sourceTree = "<group>";
		};
		DF3C7BFA2D0BDC2800559BC4 /* VBotSDKExample */ = {
			isa = PBXGroup;
			children = (
				DF1112162D0BEA8F005598FC /* VBotSDKExample.entitlements */,
				DF3C7BFB2D0BDC2800559BC4 /* AppDelegate.swift */,
				DF77090E2D5073650089F910 /* TestData.swift */,
				DF77090D2D5073650089F910 /* Helpers.swift */,
				DF77090F2D5073650089F910 /* SelectMemberViewController.swift */,
				DF3C7BFF2D0BDC2800559BC4 /* ViewController.swift */,
				DF3C7C012D0BDC2800559BC4 /* Main.storyboard */,
				DF7709142D5073B40089F910 /* LaunchScreen.xib */,
				DF3C7C042D0BDC2900559BC4 /* Assets.xcassets */,
				DF3C7C092D0BDC2900559BC4 /* Info.plist */,
			);
			path = VBotSDKExample;
			sourceTree = "<group>";
		};
		DF3C7C112D0BDC2A00559BC4 /* VBotSDKExampleTests */ = {
			isa = PBXGroup;
			children = (
				DF3C7C122D0BDC2A00559BC4 /* VBotSDKExampleTests.swift */,
			);
			path = VBotSDKExampleTests;
			sourceTree = "<group>";
		};
		DF3C7C1B2D0BDC2A00559BC4 /* VBotSDKExampleUITests */ = {
			isa = PBXGroup;
			children = (
				DF3C7C1C2D0BDC2A00559BC4 /* VBotSDKExampleUITests.swift */,
				DF3C7C1E2D0BDC2A00559BC4 /* VBotSDKExampleUITestsLaunchTests.swift */,
			);
			path = VBotSDKExampleUITests;
			sourceTree = "<group>";
		};
/* End PBXGroup section */

/* Begin PBXNativeTarget section */
		DF3C7BF72D0BDC2800559BC4 /* VBotSDKExample */ = {
			isa = PBXNativeTarget;
			buildConfigurationList = DF3C7C222D0BDC2A00559BC4 /* Build configuration list for PBXNativeTarget "VBotSDKExample" */;
			buildPhases = (
				B00C852240CC8369DF678C74 /* [CP] Check Pods Manifest.lock */,
				DF3C7BF42D0BDC2800559BC4 /* Sources */,
				DF3C7BF52D0BDC2800559BC4 /* Frameworks */,
				DF3C7BF62D0BDC2800559BC4 /* Resources */,
				D27DB0BF9E990F702E98F7A0 /* [CP] Embed Pods Frameworks */,
				1722B7F466DF75AE4B6E7C11 /* [CP] Copy Pods Resources */,
			);
			buildRules = (
			);
			dependencies = (
			);
			name = VBotSDKExample;
			productName = VBotSDKExample;
			productReference = DF3C7BF82D0BDC2800559BC4 /* VBotSDKExample.app */;
			productType = "com.apple.product-type.application";
		};
		DF3C7C0D2D0BDC2A00559BC4 /* VBotSDKExampleTests */ = {
			isa = PBXNativeTarget;
			buildConfigurationList = DF3C7C252D0BDC2A00559BC4 /* Build configuration list for PBXNativeTarget "VBotSDKExampleTests" */;
			buildPhases = (
				657CDF82331B3C29577A20C5 /* [CP] Check Pods Manifest.lock */,
				DF3C7C0A2D0BDC2A00559BC4 /* Sources */,
				DF3C7C0B2D0BDC2A00559BC4 /* Frameworks */,
				DF3C7C0C2D0BDC2A00559BC4 /* Resources */,
			);
			buildRules = (
			);
			dependencies = (
				DF3C7C102D0BDC2A00559BC4 /* PBXTargetDependency */,
			);
			name = VBotSDKExampleTests;
			productName = VBotSDKExampleTests;
			productReference = DF3C7C0E2D0BDC2A00559BC4 /* VBotSDKExampleTests.xctest */;
			productType = "com.apple.product-type.bundle.unit-test";
		};
		DF3C7C172D0BDC2A00559BC4 /* VBotSDKExampleUITests */ = {
			isa = PBXNativeTarget;
			buildConfigurationList = DF3C7C282D0BDC2A00559BC4 /* Build configuration list for PBXNativeTarget "VBotSDKExampleUITests" */;
			buildPhases = (
				BE19C7422D5E55E74F95BABF /* [CP] Check Pods Manifest.lock */,
				DF3C7C142D0BDC2A00559BC4 /* Sources */,
				DF3C7C152D0BDC2A00559BC4 /* Frameworks */,
				DF3C7C162D0BDC2A00559BC4 /* Resources */,
				90CA0B5654E7A0B42F63B402 /* [CP] Embed Pods Frameworks */,
				6FC93361E5F32C002AB41D70 /* [CP] Copy Pods Resources */,
			);
			buildRules = (
			);
			dependencies = (
				DF3C7C1A2D0BDC2A00559BC4 /* PBXTargetDependency */,
			);
			name = VBotSDKExampleUITests;
			productName = VBotSDKExampleUITests;
			productReference = DF3C7C182D0BDC2A00559BC4 /* VBotSDKExampleUITests.xctest */;
			productType = "com.apple.product-type.bundle.ui-testing";
		};
/* End PBXNativeTarget section */

/* Begin PBXProject section */
		DF3C7BF02D0BDC2800559BC4 /* Project object */ = {
			isa = PBXProject;
			attributes = {
				BuildIndependentTargetsInParallel = 1;
				LastSwiftUpdateCheck = 1500;
				LastUpgradeCheck = 1500;
				TargetAttributes = {
					DF3C7BF72D0BDC2800559BC4 = {
						CreatedOnToolsVersion = 15.0.1;
						LastSwiftMigration = "";
					};
					DF3C7C0D2D0BDC2A00559BC4 = {
						CreatedOnToolsVersion = 15.0.1;
						TestTargetID = DF3C7BF72D0BDC2800559BC4;
					};
					DF3C7C172D0BDC2A00559BC4 = {
						CreatedOnToolsVersion = 15.0.1;
						TestTargetID = DF3C7BF72D0BDC2800559BC4;
					};
				};
			};
			buildConfigurationList = DF3C7BF32D0BDC2800559BC4 /* Build configuration list for PBXProject "VBotSDKExample" */;
			compatibilityVersion = "Xcode 14.0";
			developmentRegion = en;
			hasScannedForEncodings = 0;
			knownRegions = (
				en,
				Base,
			);
			mainGroup = DF3C7BEF2D0BDC2800559BC4;
			productRefGroup = DF3C7BF92D0BDC2800559BC4 /* Products */;
			projectDirPath = "";
			projectRoot = "";
			targets = (
				DF3C7BF72D0BDC2800559BC4 /* VBotSDKExample */,
				DF3C7C0D2D0BDC2A00559BC4 /* VBotSDKExampleTests */,
				DF3C7C172D0BDC2A00559BC4 /* VBotSDKExampleUITests */,
			);
		};
/* End PBXProject section */

/* Begin PBXResourcesBuildPhase section */
		DF3C7BF62D0BDC2800559BC4 /* Resources */ = {
			isa = PBXResourcesBuildPhase;
			buildActionMask = 2147483647;
			files = (
				DF3C7C052D0BDC2900559BC4 /* Assets.xcassets in Resources */,
				DF7709162D5073B40089F910 /* LaunchScreen.xib in Resources */,
				DF3C7C032D0BDC2800559BC4 /* Main.storyboard in Resources */,
			);
			runOnlyForDeploymentPostprocessing = 0;
		};
		DF3C7C0C2D0BDC2A00559BC4 /* Resources */ = {
			isa = PBXResourcesBuildPhase;
			buildActionMask = 2147483647;
			files = (
			);
			runOnlyForDeploymentPostprocessing = 0;
		};
		DF3C7C162D0BDC2A00559BC4 /* Resources */ = {
			isa = PBXResourcesBuildPhase;
			buildActionMask = 2147483647;
			files = (
			);
			runOnlyForDeploymentPostprocessing = 0;
		};
/* End PBXResourcesBuildPhase section */

/* Begin PBXShellScriptBuildPhase section */
		1722B7F466DF75AE4B6E7C11 /* [CP] Copy Pods Resources */ = {
			isa = PBXShellScriptBuildPhase;
			buildActionMask = 2147483647;
			files = (
			);
			inputFileListPaths = (
				"${PODS_ROOT}/Target Support Files/Pods-VBotSDKExample/Pods-VBotSDKExample-resources-${CONFIGURATION}-input-files.xcfilelist",
			);
			name = "[CP] Copy Pods Resources";
			outputFileListPaths = (
				"${PODS_ROOT}/Target Support Files/Pods-VBotSDKExample/Pods-VBotSDKExample-resources-${CONFIGURATION}-output-files.xcfilelist",
			);
			runOnlyForDeploymentPostprocessing = 0;
			shellPath = /bin/sh;
			shellScript = "\"${PODS_ROOT}/Target Support Files/Pods-VBotSDKExample/Pods-VBotSDKExample-resources.sh\"\n";
			showEnvVarsInLog = 0;
		};
		657CDF82331B3C29577A20C5 /* [CP] Check Pods Manifest.lock */ = {
			isa = PBXShellScriptBuildPhase;
			buildActionMask = 2147483647;
			files = (
			);
			inputFileListPaths = (
			);
			inputPaths = (
				"${PODS_PODFILE_DIR_PATH}/Podfile.lock",
				"${PODS_ROOT}/Manifest.lock",
			);
			name = "[CP] Check Pods Manifest.lock";
			outputFileListPaths = (
			);
			outputPaths = (
				"$(DERIVED_FILE_DIR)/Pods-VBotSDKExampleTests-checkManifestLockResult.txt",
			);
			runOnlyForDeploymentPostprocessing = 0;
			shellPath = /bin/sh;
			shellScript = "diff \"${PODS_PODFILE_DIR_PATH}/Podfile.lock\" \"${PODS_ROOT}/Manifest.lock\" > /dev/null\nif [ $? != 0 ] ; then\n    # print error to STDERR\n    echo \"error: The sandbox is not in sync with the Podfile.lock. Run 'pod install' or update your CocoaPods installation.\" >&2\n    exit 1\nfi\n# This output is used by Xcode 'outputs' to avoid re-running this script phase.\necho \"SUCCESS\" > \"${SCRIPT_OUTPUT_FILE_0}\"\n";
			showEnvVarsInLog = 0;
		};
		6FC93361E5F32C002AB41D70 /* [CP] Copy Pods Resources */ = {
			isa = PBXShellScriptBuildPhase;
			buildActionMask = 2147483647;
			files = (
			);
			inputFileListPaths = (
				"${PODS_ROOT}/Target Support Files/Pods-VBotSDKExample-VBotSDKExampleUITests/Pods-VBotSDKExample-VBotSDKExampleUITests-resources-${CONFIGURATION}-input-files.xcfilelist",
			);
			name = "[CP] Copy Pods Resources";
			outputFileListPaths = (
				"${PODS_ROOT}/Target Support Files/Pods-VBotSDKExample-VBotSDKExampleUITests/Pods-VBotSDKExample-VBotSDKExampleUITests-resources-${CONFIGURATION}-output-files.xcfilelist",
			);
			runOnlyForDeploymentPostprocessing = 0;
			shellPath = /bin/sh;
			shellScript = "\"${PODS_ROOT}/Target Support Files/Pods-VBotSDKExample-VBotSDKExampleUITests/Pods-VBotSDKExample-VBotSDKExampleUITests-resources.sh\"\n";
			showEnvVarsInLog = 0;
		};
		90CA0B5654E7A0B42F63B402 /* [CP] Embed Pods Frameworks */ = {
			isa = PBXShellScriptBuildPhase;
			buildActionMask = 2147483647;
			files = (
			);
			inputFileListPaths = (
				"${PODS_ROOT}/Target Support Files/Pods-VBotSDKExample-VBotSDKExampleUITests/Pods-VBotSDKExample-VBotSDKExampleUITests-frameworks-${CONFIGURATION}-input-files.xcfilelist",
			);
			name = "[CP] Embed Pods Frameworks";
			outputFileListPaths = (
				"${PODS_ROOT}/Target Support Files/Pods-VBotSDKExample-VBotSDKExampleUITests/Pods-VBotSDKExample-VBotSDKExampleUITests-frameworks-${CONFIGURATION}-output-files.xcfilelist",
			);
			runOnlyForDeploymentPostprocessing = 0;
			shellPath = /bin/sh;
			shellScript = "\"${PODS_ROOT}/Target Support Files/Pods-VBotSDKExample-VBotSDKExampleUITests/Pods-VBotSDKExample-VBotSDKExampleUITests-frameworks.sh\"\n";
			showEnvVarsInLog = 0;
		};
		B00C852240CC8369DF678C74 /* [CP] Check Pods Manifest.lock */ = {
			isa = PBXShellScriptBuildPhase;
			buildActionMask = 2147483647;
			files = (
			);
			inputFileListPaths = (
			);
			inputPaths = (
				"${PODS_PODFILE_DIR_PATH}/Podfile.lock",
				"${PODS_ROOT}/Manifest.lock",
			);
			name = "[CP] Check Pods Manifest.lock";
			outputFileListPaths = (
			);
			outputPaths = (
				"$(DERIVED_FILE_DIR)/Pods-VBotSDKExample-checkManifestLockResult.txt",
			);
			runOnlyForDeploymentPostprocessing = 0;
			shellPath = /bin/sh;
			shellScript = "diff \"${PODS_PODFILE_DIR_PATH}/Podfile.lock\" \"${PODS_ROOT}/Manifest.lock\" > /dev/null\nif [ $? != 0 ] ; then\n    # print error to STDERR\n    echo \"error: The sandbox is not in sync with the Podfile.lock. Run 'pod install' or update your CocoaPods installation.\" >&2\n    exit 1\nfi\n# This output is used by Xcode 'outputs' to avoid re-running this script phase.\necho \"SUCCESS\" > \"${SCRIPT_OUTPUT_FILE_0}\"\n";
			showEnvVarsInLog = 0;
		};
		BE19C7422D5E55E74F95BABF /* [CP] Check Pods Manifest.lock */ = {
			isa = PBXShellScriptBuildPhase;
			buildActionMask = 2147483647;
			files = (
			);
			inputFileListPaths = (
			);
			inputPaths = (
				"${PODS_PODFILE_DIR_PATH}/Podfile.lock",
				"${PODS_ROOT}/Manifest.lock",
			);
			name = "[CP] Check Pods Manifest.lock";
			outputFileListPaths = (
			);
			outputPaths = (
				"$(DERIVED_FILE_DIR)/Pods-VBotSDKExample-VBotSDKExampleUITests-checkManifestLockResult.txt",
			);
			runOnlyForDeploymentPostprocessing = 0;
			shellPath = /bin/sh;
			shellScript = "diff \"${PODS_PODFILE_DIR_PATH}/Podfile.lock\" \"${PODS_ROOT}/Manifest.lock\" > /dev/null\nif [ $? != 0 ] ; then\n    # print error to STDERR\n    echo \"error: The sandbox is not in sync with the Podfile.lock. Run 'pod install' or update your CocoaPods installation.\" >&2\n    exit 1\nfi\n# This output is used by Xcode 'outputs' to avoid re-running this script phase.\necho \"SUCCESS\" > \"${SCRIPT_OUTPUT_FILE_0}\"\n";
			showEnvVarsInLog = 0;
		};
		D27DB0BF9E990F702E98F7A0 /* [CP] Embed Pods Frameworks */ = {
			isa = PBXShellScriptBuildPhase;
			buildActionMask = 2147483647;
			files = (
			);
			inputFileListPaths = (
				"${PODS_ROOT}/Target Support Files/Pods-VBotSDKExample/Pods-VBotSDKExample-frameworks-${CONFIGURATION}-input-files.xcfilelist",
			);
			name = "[CP] Embed Pods Frameworks";
			outputFileListPaths = (
				"${PODS_ROOT}/Target Support Files/Pods-VBotSDKExample/Pods-VBotSDKExample-frameworks-${CONFIGURATION}-output-files.xcfilelist",
			);
			runOnlyForDeploymentPostprocessing = 0;
			shellPath = /bin/sh;
			shellScript = "\"${PODS_ROOT}/Target Support Files/Pods-VBotSDKExample/Pods-VBotSDKExample-frameworks.sh\"\n";
			showEnvVarsInLog = 0;
		};
/* End PBXShellScriptBuildPhase section */

/* Begin PBXSourcesBuildPhase section */
		DF3C7BF42D0BDC2800559BC4 /* Sources */ = {
			isa = PBXSourcesBuildPhase;
			buildActionMask = 2147483647;
			files = (
				DF7709132D5073650089F910 /* SelectMemberViewController.swift in Sources */,
				DF3C7C002D0BDC2800559BC4 /* ViewController.swift in Sources */,
				DF3C7BFC2D0BDC2800559BC4 /* AppDelegate.swift in Sources */,
				DF7709122D5073650089F910 /* TestData.swift in Sources */,
				DF7709112D5073650089F910 /* Helpers.swift in Sources */,
			);
			runOnlyForDeploymentPostprocessing = 0;
		};
		DF3C7C0A2D0BDC2A00559BC4 /* Sources */ = {
			isa = PBXSourcesBuildPhase;
			buildActionMask = 2147483647;
			files = (
				DF3C7C132D0BDC2A00559BC4 /* VBotSDKExampleTests.swift in Sources */,
			);
			runOnlyForDeploymentPostprocessing = 0;
		};
		DF3C7C142D0BDC2A00559BC4 /* Sources */ = {
			isa = PBXSourcesBuildPhase;
			buildActionMask = 2147483647;
			files = (
				DF3C7C1D2D0BDC2A00559BC4 /* VBotSDKExampleUITests.swift in Sources */,
				DF3C7C1F2D0BDC2A00559BC4 /* VBotSDKExampleUITestsLaunchTests.swift in Sources */,
			);
			runOnlyForDeploymentPostprocessing = 0;
		};
/* End PBXSourcesBuildPhase section */

/* Begin PBXTargetDependency section */
		DF3C7C102D0BDC2A00559BC4 /* PBXTargetDependency */ = {
			isa = PBXTargetDependency;
			target = DF3C7BF72D0BDC2800559BC4 /* VBotSDKExample */;
			targetProxy = DF3C7C0F2D0BDC2A00559BC4 /* PBXContainerItemProxy */;
		};
		DF3C7C1A2D0BDC2A00559BC4 /* PBXTargetDependency */ = {
			isa = PBXTargetDependency;
			target = DF3C7BF72D0BDC2800559BC4 /* VBotSDKExample */;
			targetProxy = DF3C7C192D0BDC2A00559BC4 /* PBXContainerItemProxy */;
		};
/* End PBXTargetDependency section */

/* Begin PBXVariantGroup section */
		DF3C7C012D0BDC2800559BC4 /* Main.storyboard */ = {
			isa = PBXVariantGroup;
			children = (
				DF3C7C022D0BDC2800559BC4 /* Base */,
			);
			name = Main.storyboard;
			sourceTree = "<group>";
		};
		DF7709142D5073B40089F910 /* LaunchScreen.xib */ = {
			isa = PBXVariantGroup;
			children = (
				DF7709152D5073B40089F910 /* Base */,
			);
			name = LaunchScreen.xib;
			sourceTree = "<group>";
		};
/* End PBXVariantGroup section */

/* Begin XCBuildConfiguration section */
		DF3C7C202D0BDC2A00559BC4 /* Debug */ = {
			isa = XCBuildConfiguration;
			buildSettings = {
				ALWAYS_SEARCH_USER_PATHS = NO;
				ASSETCATALOG_COMPILER_GENERATE_SWIFT_ASSET_SYMBOL_EXTENSIONS = YES;
				CLANG_ANALYZER_NONNULL = YES;
				CLANG_ANALYZER_NUMBER_OBJECT_CONVERSION = YES_AGGRESSIVE;
				CLANG_CXX_LANGUAGE_STANDARD = "gnu++20";
				CLANG_ENABLE_MODULES = YES;
				CLANG_ENABLE_OBJC_ARC = YES;
				CLANG_ENABLE_OBJC_WEAK = YES;
				CLANG_WARN_BLOCK_CAPTURE_AUTORELEASING = YES;
				CLANG_WARN_BOOL_CONVERSION = YES;
				CLANG_WARN_COMMA = YES;
				CLANG_WARN_CONSTANT_CONVERSION = YES;
				CLANG_WARN_DEPRECATED_OBJC_IMPLEMENTATIONS = YES;
				CLANG_WARN_DIRECT_OBJC_ISA_USAGE = YES_ERROR;
				CLANG_WARN_DOCUMENTATION_COMMENTS = YES;
				CLANG_WARN_EMPTY_BODY = YES;
				CLANG_WARN_ENUM_CONVERSION = YES;
				CLANG_WARN_INFINITE_RECURSION = YES;
				CLANG_WARN_INT_CONVERSION = YES;
				CLANG_WARN_NON_LITERAL_NULL_CONVERSION = YES;
				CLANG_WARN_OBJC_IMPLICIT_RETAIN_SELF = YES;
				CLANG_WARN_OBJC_LITERAL_CONVERSION = YES;
				CLANG_WARN_OBJC_ROOT_CLASS = YES_ERROR;
				CLANG_WARN_QUOTED_INCLUDE_IN_FRAMEWORK_HEADER = YES;
				CLANG_WARN_RANGE_LOOP_ANALYSIS = YES;
				CLANG_WARN_STRICT_PROTOTYPES = YES;
				CLANG_WARN_SUSPICIOUS_MOVE = YES;
				CLANG_WARN_UNGUARDED_AVAILABILITY = YES_AGGRESSIVE;
				CLANG_WARN_UNREACHABLE_CODE = YES;
				CLANG_WARN__DUPLICATE_METHOD_MATCH = YES;
				COPY_PHASE_STRIP = NO;
				DEBUG_INFORMATION_FORMAT = dwarf;
				ENABLE_STRICT_OBJC_MSGSEND = YES;
				ENABLE_TESTABILITY = YES;
				ENABLE_USER_SCRIPT_SANDBOXING = YES;
				GCC_C_LANGUAGE_STANDARD = gnu17;
				GCC_DYNAMIC_NO_PIC = NO;
				GCC_NO_COMMON_BLOCKS = YES;
				GCC_OPTIMIZATION_LEVEL = 0;
				GCC_PREPROCESSOR_DEFINITIONS = (
					"DEBUG=1",
					"$(inherited)",
				);
				GCC_WARN_64_TO_32_BIT_CONVERSION = YES;
				GCC_WARN_ABOUT_RETURN_TYPE = YES_ERROR;
				GCC_WARN_UNDECLARED_SELECTOR = YES;
				GCC_WARN_UNINITIALIZED_AUTOS = YES_AGGRESSIVE;
				GCC_WARN_UNUSED_FUNCTION = YES;
				GCC_WARN_UNUSED_VARIABLE = YES;
				IPHONEOS_DEPLOYMENT_TARGET = 17.0;
				LOCALIZATION_PREFERS_STRING_CATALOGS = YES;
				MTL_ENABLE_DEBUG_INFO = INCLUDE_SOURCE;
				MTL_FAST_MATH = YES;
				ONLY_ACTIVE_ARCH = YES;
				SDKROOT = iphoneos;
				SWIFT_ACTIVE_COMPILATION_CONDITIONS = "DEBUG $(inherited)";
				SWIFT_OPTIMIZATION_LEVEL = "-Onone";
			};
			name = Debug;
		};
		DF3C7C212D0BDC2A00559BC4 /* Release */ = {
			isa = XCBuildConfiguration;
			buildSettings = {
				ALWAYS_SEARCH_USER_PATHS = NO;
				ASSETCATALOG_COMPILER_GENERATE_SWIFT_ASSET_SYMBOL_EXTENSIONS = YES;
				CLANG_ANALYZER_NONNULL = YES;
				CLANG_ANALYZER_NUMBER_OBJECT_CONVERSION = YES_AGGRESSIVE;
				CLANG_CXX_LANGUAGE_STANDARD = "gnu++20";
				CLANG_ENABLE_MODULES = YES;
				CLANG_ENABLE_OBJC_ARC = YES;
				CLANG_ENABLE_OBJC_WEAK = YES;
				CLANG_WARN_BLOCK_CAPTURE_AUTORELEASING = YES;
				CLANG_WARN_BOOL_CONVERSION = YES;
				CLANG_WARN_COMMA = YES;
				CLANG_WARN_CONSTANT_CONVERSION = YES;
				CLANG_WARN_DEPRECATED_OBJC_IMPLEMENTATIONS = YES;
				CLANG_WARN_DIRECT_OBJC_ISA_USAGE = YES_ERROR;
				CLANG_WARN_DOCUMENTATION_COMMENTS = YES;
				CLANG_WARN_EMPTY_BODY = YES;
				CLANG_WARN_ENUM_CONVERSION = YES;
				CLANG_WARN_INFINITE_RECURSION = YES;
				CLANG_WARN_INT_CONVERSION = YES;
				CLANG_WARN_NON_LITERAL_NULL_CONVERSION = YES;
				CLANG_WARN_OBJC_IMPLICIT_RETAIN_SELF = YES;
				CLANG_WARN_OBJC_LITERAL_CONVERSION = YES;
				CLANG_WARN_OBJC_ROOT_CLASS = YES_ERROR;
				CLANG_WARN_QUOTED_INCLUDE_IN_FRAMEWORK_HEADER = YES;
				CLANG_WARN_RANGE_LOOP_ANALYSIS = YES;
				CLANG_WARN_STRICT_PROTOTYPES = YES;
				CLANG_WARN_SUSPICIOUS_MOVE = YES;
				CLANG_WARN_UNGUARDED_AVAILABILITY = YES_AGGRESSIVE;
				CLANG_WARN_UNREACHABLE_CODE = YES;
				CLANG_WARN__DUPLICATE_METHOD_MATCH = YES;
				COPY_PHASE_STRIP = NO;
				DEBUG_INFORMATION_FORMAT = "dwarf-with-dsym";
				ENABLE_NS_ASSERTIONS = NO;
				ENABLE_STRICT_OBJC_MSGSEND = YES;
				ENABLE_USER_SCRIPT_SANDBOXING = YES;
				GCC_C_LANGUAGE_STANDARD = gnu17;
				GCC_NO_COMMON_BLOCKS = YES;
				GCC_WARN_64_TO_32_BIT_CONVERSION = YES;
				GCC_WARN_ABOUT_RETURN_TYPE = YES_ERROR;
				GCC_WARN_UNDECLARED_SELECTOR = YES;
				GCC_WARN_UNINITIALIZED_AUTOS = YES_AGGRESSIVE;
				GCC_WARN_UNUSED_FUNCTION = YES;
				GCC_WARN_UNUSED_VARIABLE = YES;
				IPHONEOS_DEPLOYMENT_TARGET = 17.0;
				LOCALIZATION_PREFERS_STRING_CATALOGS = YES;
				MTL_ENABLE_DEBUG_INFO = NO;
				MTL_FAST_MATH = YES;
				SDKROOT = iphoneos;
				SWIFT_COMPILATION_MODE = wholemodule;
				VALIDATE_PRODUCT = YES;
			};
			name = Release;
		};
		DF3C7C232D0BDC2A00559BC4 /* Debug */ = {
			isa = XCBuildConfiguration;
			baseConfigurationReference = 62B9EFA163CB1D67A0936B73 /* Pods-VBotSDKExample.debug.xcconfig */;
			buildSettings = {
				APPLICATION_EXTENSION_API_ONLY = NO;
				ASSETCATALOG_COMPILER_APPICON_NAME = AppIcon;
				ASSETCATALOG_COMPILER_GLOBAL_ACCENT_COLOR_NAME = AccentColor;
				BUILD_LIBRARY_FOR_DISTRIBUTION = NO;
				CLANG_ALLOW_NON_MODULAR_INCLUDES_IN_FRAMEWORK_MODULES = YES;
				CLANG_ENABLE_MODULES = YES;
				CODE_SIGN_ENTITLEMENTS = VBotSDKExample/VBotSDKExample.entitlements;
				CODE_SIGN_STYLE = Automatic;
				CURRENT_PROJECT_VERSION = 1;
				DEVELOPMENT_TEAM = VU9GAW6B49;
				ENABLE_USER_SCRIPT_SANDBOXING = NO;
				EXCLUDED_ARCHS = "";
				FRAMEWORK_SEARCH_PATHS = (
					"$(inherited)",
					"$(PROJECT_DIR)/Lib/VBotPhoneSDK",
				);
				GENERATE_INFOPLIST_FILE = YES;
				INFOPLIST_FILE = VBotSDKExample/Info.plist;
				INFOPLIST_KEY_CFBundleDisplayName = "VBot SDK";
				INFOPLIST_KEY_UIApplicationSupportsIndirectInputEvents = YES;
				INFOPLIST_KEY_UILaunchStoryboardName = LaunchScreen;
				INFOPLIST_KEY_UIMainStoryboardFile = Main;
				INFOPLIST_KEY_UISupportedInterfaceOrientations_iPad = "UIInterfaceOrientationPortrait UIInterfaceOrientationPortraitUpsideDown UIInterfaceOrientationLandscapeLeft UIInterfaceOrientationLandscapeRight";
				INFOPLIST_KEY_UISupportedInterfaceOrientations_iPhone = "UIInterfaceOrientationPortrait UIInterfaceOrientationLandscapeLeft UIInterfaceOrientationLandscapeRight";
				LD_RUNPATH_SEARCH_PATHS = (
					"$(inherited)",
					"@executable_path/Frameworks",
				);
				MARKETING_VERSION = 1.1;
				ONLY_ACTIVE_ARCH = YES;
				OTHER_SWIFT_FLAGS = "";
				PRODUCT_BUNDLE_IDENTIFIER = "com.vpmedia.vbot-sdk-example-dev";
				PRODUCT_NAME = "$(TARGET_NAME)";
				SWIFT_EMIT_LOC_STRINGS = YES;
				SWIFT_VERSION = 5.0;
				TARGETED_DEVICE_FAMILY = "1,2";
			};
			name = Debug;
		};
		DF3C7C242D0BDC2A00559BC4 /* Release */ = {
			isa = XCBuildConfiguration;
			baseConfigurationReference = E4C7482B47B9D4519D81A72D /* Pods-VBotSDKExample.release.xcconfig */;
			buildSettings = {
				APPLICATION_EXTENSION_API_ONLY = NO;
				ASSETCATALOG_COMPILER_APPICON_NAME = AppIcon;
				ASSETCATALOG_COMPILER_GLOBAL_ACCENT_COLOR_NAME = AccentColor;
				BUILD_LIBRARY_FOR_DISTRIBUTION = NO;
				CLANG_ALLOW_NON_MODULAR_INCLUDES_IN_FRAMEWORK_MODULES = YES;
				CLANG_ENABLE_MODULES = YES;
				CODE_SIGN_ENTITLEMENTS = VBotSDKExample/VBotSDKExample.entitlements;
				CODE_SIGN_STYLE = Automatic;
				CURRENT_PROJECT_VERSION = 1;
				DEVELOPMENT_TEAM = VU9GAW6B49;
				ENABLE_USER_SCRIPT_SANDBOXING = NO;
				EXCLUDED_ARCHS = "";
				FRAMEWORK_SEARCH_PATHS = (
					"$(inherited)",
					"$(PROJECT_DIR)/Lib/VBotPhoneSDK",
				);
				GENERATE_INFOPLIST_FILE = YES;
				INFOPLIST_FILE = VBotSDKExample/Info.plist;
				INFOPLIST_KEY_CFBundleDisplayName = "VBot SDK";
				INFOPLIST_KEY_UIApplicationSupportsIndirectInputEvents = YES;
				INFOPLIST_KEY_UILaunchStoryboardName = LaunchScreen;
				INFOPLIST_KEY_UIMainStoryboardFile = Main;
				INFOPLIST_KEY_UISupportedInterfaceOrientations_iPad = "UIInterfaceOrientationPortrait UIInterfaceOrientationPortraitUpsideDown UIInterfaceOrientationLandscapeLeft UIInterfaceOrientationLandscapeRight";
				INFOPLIST_KEY_UISupportedInterfaceOrientations_iPhone = "UIInterfaceOrientationPortrait UIInterfaceOrientationLandscapeLeft UIInterfaceOrientationLandscapeRight";
				LD_RUNPATH_SEARCH_PATHS = (
					"$(inherited)",
					"@executable_path/Frameworks",
				);
				MARKETING_VERSION = 1.1;
				ONLY_ACTIVE_ARCH = NO;
				OTHER_SWIFT_FLAGS = "";
				PRODUCT_BUNDLE_IDENTIFIER = "com.vpmedia.vbot-sdk-example-dev";
				PRODUCT_NAME = "$(TARGET_NAME)";
				SWIFT_EMIT_LOC_STRINGS = YES;
				SWIFT_VERSION = 5.0;
				TARGETED_DEVICE_FAMILY = "1,2";
			};
			name = Release;
		};
		DF3C7C262D0BDC2A00559BC4 /* Debug */ = {
			isa = XCBuildConfiguration;
			baseConfigurationReference = 20D7E3F084AE6D03BA57692F /* Pods-VBotSDKExampleTests.debug.xcconfig */;
			buildSettings = {
				ALWAYS_EMBED_SWIFT_STANDARD_LIBRARIES = YES;
				BUNDLE_LOADER = "$(TEST_HOST)";
				CODE_SIGN_STYLE = Automatic;
				CURRENT_PROJECT_VERSION = 1;
				DEVELOPMENT_TEAM = VU9GAW6B49;
				GENERATE_INFOPLIST_FILE = YES;
				IPHONEOS_DEPLOYMENT_TARGET = 17.0;
				MARKETING_VERSION = 1.0;
				PRODUCT_BUNDLE_IDENTIFIER = com.vpmedia.VBotSDKExampleTests;
				PRODUCT_NAME = "$(TARGET_NAME)";
				SWIFT_EMIT_LOC_STRINGS = NO;
				SWIFT_VERSION = 4.2;
				TARGETED_DEVICE_FAMILY = "1,2";
				TEST_HOST = "$(BUILT_PRODUCTS_DIR)/VBotSDKExample.app/$(BUNDLE_EXECUTABLE_FOLDER_PATH)/VBotSDKExample";
			};
			name = Debug;
		};
		DF3C7C272D0BDC2A00559BC4 /* Release */ = {
			isa = XCBuildConfiguration;
			baseConfigurationReference = F4C5ADE69B97F6D670795F11 /* Pods-VBotSDKExampleTests.release.xcconfig */;
			buildSettings = {
				ALWAYS_EMBED_SWIFT_STANDARD_LIBRARIES = YES;
				BUNDLE_LOADER = "$(TEST_HOST)";
				CODE_SIGN_STYLE = Automatic;
				CURRENT_PROJECT_VERSION = 1;
				DEVELOPMENT_TEAM = VU9GAW6B49;
				GENERATE_INFOPLIST_FILE = YES;
				IPHONEOS_DEPLOYMENT_TARGET = 17.0;
				MARKETING_VERSION = 1.0;
				PRODUCT_BUNDLE_IDENTIFIER = com.vpmedia.VBotSDKExampleTests;
				PRODUCT_NAME = "$(TARGET_NAME)";
				SWIFT_EMIT_LOC_STRINGS = NO;
				SWIFT_VERSION = 4.2;
				TARGETED_DEVICE_FAMILY = "1,2";
				TEST_HOST = "$(BUILT_PRODUCTS_DIR)/VBotSDKExample.app/$(BUNDLE_EXECUTABLE_FOLDER_PATH)/VBotSDKExample";
			};
			name = Release;
		};
		DF3C7C292D0BDC2A00559BC4 /* Debug */ = {
			isa = XCBuildConfiguration;
			baseConfigurationReference = E8B9E41586A1BFC1ED0B346D /* Pods-VBotSDKExample-VBotSDKExampleUITests.debug.xcconfig */;
			buildSettings = {
				ALWAYS_EMBED_SWIFT_STANDARD_LIBRARIES = YES;
				CODE_SIGN_STYLE = Automatic;
				CURRENT_PROJECT_VERSION = 1;
				DEVELOPMENT_TEAM = VU9GAW6B49;
				GENERATE_INFOPLIST_FILE = YES;
				IPHONEOS_DEPLOYMENT_TARGET = 13.0;
				MARKETING_VERSION = 1.0;
				PRODUCT_BUNDLE_IDENTIFIER = com.vpmedia.VBotSDKExampleUITests;
				PRODUCT_NAME = "$(TARGET_NAME)";
				SWIFT_EMIT_LOC_STRINGS = NO;
				SWIFT_VERSION = 4.2;
				TARGETED_DEVICE_FAMILY = "1,2";
				TEST_TARGET_NAME = VBotSDKExample;
			};
			name = Debug;
		};
		DF3C7C2A2D0BDC2A00559BC4 /* Release */ = {
			isa = XCBuildConfiguration;
			baseConfigurationReference = C942A34449B6D32163E77CBF /* Pods-VBotSDKExample-VBotSDKExampleUITests.release.xcconfig */;
			buildSettings = {
				ALWAYS_EMBED_SWIFT_STANDARD_LIBRARIES = YES;
				CODE_SIGN_STYLE = Automatic;
				CURRENT_PROJECT_VERSION = 1;
				DEVELOPMENT_TEAM = VU9GAW6B49;
				GENERATE_INFOPLIST_FILE = YES;
				IPHONEOS_DEPLOYMENT_TARGET = 13.0;
				MARKETING_VERSION = 1.0;
				PRODUCT_BUNDLE_IDENTIFIER = com.vpmedia.VBotSDKExampleUITests;
				PRODUCT_NAME = "$(TARGET_NAME)";
				SWIFT_EMIT_LOC_STRINGS = NO;
				SWIFT_VERSION = 4.2;
				TARGETED_DEVICE_FAMILY = "1,2";
				TEST_TARGET_NAME = VBotSDKExample;
			};
			name = Release;
		};
/* End XCBuildConfiguration section */

/* Begin XCConfigurationList section */
		DF3C7BF32D0BDC2800559BC4 /* Build configuration list for PBXProject "VBotSDKExample" */ = {
			isa = XCConfigurationList;
			buildConfigurations = (
				DF3C7C202D0BDC2A00559BC4 /* Debug */,
				DF3C7C212D0BDC2A00559BC4 /* Release */,
			);
			defaultConfigurationIsVisible = 0;
			defaultConfigurationName = Release;
		};
		DF3C7C222D0BDC2A00559BC4 /* Build configuration list for PBXNativeTarget "VBotSDKExample" */ = {
			isa = XCConfigurationList;
			buildConfigurations = (
				DF3C7C232D0BDC2A00559BC4 /* Debug */,
				DF3C7C242D0BDC2A00559BC4 /* Release */,
			);
			defaultConfigurationIsVisible = 0;
			defaultConfigurationName = Release;
		};
		DF3C7C252D0BDC2A00559BC4 /* Build configuration list for PBXNativeTarget "VBotSDKExampleTests" */ = {
			isa = XCConfigurationList;
			buildConfigurations = (
				DF3C7C262D0BDC2A00559BC4 /* Debug */,
				DF3C7C272D0BDC2A00559BC4 /* Release */,
			);
			defaultConfigurationIsVisible = 0;
			defaultConfigurationName = Release;
		};
		DF3C7C282D0BDC2A00559BC4 /* Build configuration list for PBXNativeTarget "VBotSDKExampleUITests" */ = {
			isa = XCConfigurationList;
			buildConfigurations = (
				DF3C7C292D0BDC2A00559BC4 /* Debug */,
				DF3C7C2A2D0BDC2A00559BC4 /* Release */,
			);
			defaultConfigurationIsVisible = 0;
			defaultConfigurationName = Release;
		};
/* End XCConfigurationList section */
	};
	rootObject = DF3C7BF02D0BDC2800559BC4 /* Project object */;
}
